Microsoft Visual Studio Solution File, Format Version 12.00
# Visual Studio Version 17
VisualStudioVersion = 17.5.2.0
MinimumVisualStudioVersion = 10.0.40219.1
Project("{FAE04EC0-301F-11D3-BF4B-00C04F79EFBC}") = "neeeew", "neeeew.csproj", "{0641E91F-FA95-E6FF-8502-5EFC04134B50}"
EndProject
Global
	GlobalSection(SolutionConfigurationPlatforms) = preSolution
		Debug|Any CPU = Debug|Any CPU
		Release|Any CPU = Release|Any CPU
	EndGlobalSection
	GlobalSection(ProjectConfigurationPlatforms) = postSolution
		{0641E91F-FA95-E6FF-8502-5EFC04134B50}.Debug|Any CPU.ActiveCfg = Debug|Any CPU
		{0641E91F-FA95-E6FF-8502-5EFC04134B50}.Debug|Any CPU.Build.0 = Debug|Any CPU
		{0641E91F-FA95-E6FF-8502-5EFC04134B50}.Release|Any CPU.ActiveCfg = Release|Any CPU
		{0641E91F-FA95-E6FF-8502-5EFC04134B50}.Release|Any CPU.Build.0 = Release|Any CPU
	EndGlobalSection
	GlobalSection(SolutionProperties) = preSolution
		HideSolutionNode = FALSE
	EndGlobalSection
	GlobalSection(ExtensibilityGlobals) = postSolution
		SolutionGuid = {FA6434F7-4A63-41B9-A7F5-C909599E0853}
	EndGlobalSection
EndGlobal
